
Microsoft Visual Studio Solution File, Format Version 11.00
# Visual Studio 2010
Project("{FAE04EC0-301F-11D3-BF4B-00C04F79EFBC}") = "WMS1.0", "WMS1.0\WMS1.0.csproj", "{ED5C9220-E929-4960-BA64-15AEEAA8ECDD}"
EndProject
Global
	GlobalSection(SolutionConfigurationPlatforms) = preSolution
		Debug|Any CPU = Debug|Any CPU
		Release|Any CPU = Release|Any CPU
	EndGlobalSection
	GlobalSection(ProjectConfigurationPlatforms) = postSolution
		{ED5C9220-E929-4960-BA64-15AEEAA8ECDD}.Debug|Any CPU.ActiveCfg = Debug|Any CPU
		{ED5C9220-E929-4960-BA64-15AEEAA8ECDD}.Debug|Any CPU.Build.0 = Debug|Any CPU
		{ED5C9220-E929-4960-BA64-15AEEAA8ECDD}.Release|Any CPU.ActiveCfg = Release|Any CPU
		{ED5C9220-E929-4960-BA64-15AEEAA8ECDD}.Release|Any CPU.Build.0 = Release|Any CPU
	EndGlobalSection
	GlobalSection(SolutionProperties) = preSolution
		HideSolutionNode = FALSE
	EndGlobalSection
EndGlobal
